
Microsoft Visual Studio Solution File, Format Version 12.00
# Visual Studio Version 16
VisualStudioVersion = 16.0.30611.23
MinimumVisualStudioVersion = 10.0.40219.1
Project("{FAE04EC0-301F-11D3-BF4B-00C04F79EFBC}") = "XUnitTestProject1", "XUnitTestProject1\XUnitTestProject1.csproj", "{66D77A07-0001-4901-B460-DD63113EB7F3}"
EndProject
Global
	GlobalSection(SolutionConfigurationPlatforms) = preSolution
		Debug|Any CPU = Debug|Any CPU
		Release|Any CPU = Release|Any CPU
	EndGlobalSection
	GlobalSection(ProjectConfigurationPlatforms) = postSolution
		{66D77A07-0001-4901-B460-DD63113EB7F3}.Debug|Any CPU.ActiveCfg = Debug|Any CPU
		{66D77A07-0001-4901-B460-DD63113EB7F3}.Debug|Any CPU.Build.0 = Debug|Any CPU
		{66D77A07-0001-4901-B460-DD63113EB7F3}.Release|Any CPU.ActiveCfg = Release|Any CPU
		{66D77A07-0001-4901-B460-DD63113EB7F3}.Release|Any CPU.Build.0 = Release|Any CPU
	EndGlobalSection
	GlobalSection(SolutionProperties) = preSolution
		HideSolutionNode = FALSE
	EndGlobalSection
	GlobalSection(ExtensibilityGlobals) = postSolution
		SolutionGuid = {85406549-B7C8-4DBC-96F4-34C02831F01E}
	EndGlobalSection
EndGlobal
